
Microsoft Visual Studio Solution File, Format Version 12.00
# Visual Studio Version 17
VisualStudioVersion = 17.3.32901.215
MinimumVisualStudioVersion = 10.0.40219.1
Project("{9A19103F-16F7-4668-BE54-9A1E7A4F7556}") = "MyAsyncEnumerable", "MyAsyncEnumerable\MyAsyncEnumerable.csproj", "{ED6EF6AE-6846-40FA-96F2-3A75505F3D21}"
EndProject
Project("{9A19103F-16F7-4668-BE54-9A1E7A4F7556}") = "MyAsyncEnumerable.Test", "MyAsyncEnumerable.Test\MyAsyncEnumerable.Test.csproj", "{EC071BEF-7426-48CB-A429-596C3C7AEA2A}"
EndProject
Global
	GlobalSection(SolutionConfigurationPlatforms) = preSolution
		Debug|Any CPU = Debug|Any CPU
		Release|Any CPU = Release|Any CPU
	EndGlobalSection
	GlobalSection(ProjectConfigurationPlatforms) = postSolution
		{ED6EF6AE-6846-40FA-96F2-3A75505F3D21}.Debug|Any CPU.ActiveCfg = Debug|Any CPU
		{ED6EF6AE-6846-40FA-96F2-3A75505F3D21}.Debug|Any CPU.Build.0 = Debug|Any CPU
		{ED6EF6AE-6846-40FA-96F2-3A75505F3D21}.Release|Any CPU.ActiveCfg = Release|Any CPU
		{ED6EF6AE-6846-40FA-96F2-3A75505F3D21}.Release|Any CPU.Build.0 = Release|Any CPU
		{EC071BEF-7426-48CB-A429-596C3C7AEA2A}.Debug|Any CPU.ActiveCfg = Debug|Any CPU
		{EC071BEF-7426-48CB-A429-596C3C7AEA2A}.Debug|Any CPU.Build.0 = Debug|Any CPU
		{EC071BEF-7426-48CB-A429-596C3C7AEA2A}.Release|Any CPU.ActiveCfg = Release|Any CPU
		{EC071BEF-7426-48CB-A429-596C3C7AEA2A}.Release|Any CPU.Build.0 = Release|Any CPU
	EndGlobalSection
	GlobalSection(SolutionProperties) = preSolution
		HideSolutionNode = FALSE
	EndGlobalSection
	GlobalSection(ExtensibilityGlobals) = postSolution
		SolutionGuid = {188919AD-8221-4D41-9ADC-620AD32B5AE5}
	EndGlobalSection
EndGlobal
